
Microsoft Visual Studio Solution File, Format Version 12.00
# Visual Studio Version 17
VisualStudioVersion = 17.7.34024.191
MinimumVisualStudioVersion = 10.0.40219.1
Project("{FAE04EC0-301F-11D3-BF4B-00C04F79EFBC}") = "OpenWeatherMap-API", "OpenWeatherMap-API.csproj", "{4D3E47B4-0068-4187-BA57-67BE7995C259}"
EndProject
Global
	GlobalSection(SolutionConfigurationPlatforms) = preSolution
		Debug|Any CPU = Debug|Any CPU
		Release|Any CPU = Release|Any CPU
	EndGlobalSection
	GlobalSection(ProjectConfigurationPlatforms) = postSolution
		{4D3E47B4-0068-4187-BA57-67BE7995C259}.Debug|Any CPU.ActiveCfg = Debug|Any CPU
		{4D3E47B4-0068-4187-BA57-67BE7995C259}.Debug|Any CPU.Build.0 = Debug|Any CPU
		{4D3E47B4-0068-4187-BA57-67BE7995C259}.Release|Any CPU.ActiveCfg = Release|Any CPU
		{4D3E47B4-0068-4187-BA57-67BE7995C259}.Release|Any CPU.Build.0 = Release|Any CPU
	EndGlobalSection
	GlobalSection(SolutionProperties) = preSolution
		HideSolutionNode = FALSE
	EndGlobalSection
	GlobalSection(ExtensibilityGlobals) = postSolution
		SolutionGuid = {89F74B14-E2BF-40B7-A888-91E0CE36681B}
	EndGlobalSection
EndGlobal
